
Microsoft Visual Studio Solution File, Format Version 12.00
Project("{FAE04EC0-301F-11D3-BF4B-00C04F79EFBC}") = "Receive", "Part One\Receive\Receive.csproj", "{1A6EA648-E2AE-4522-8753-DB2EEA1FE5D7}"
EndProject
Project("{FAE04EC0-301F-11D3-BF4B-00C04F79EFBC}") = "Send", "Part One\Send\Send.csproj", "{828E842E-FCA2-43F0-8AF3-75EC706F4643}"
EndProject
Project("{2150E333-8FDC-42A3-9474-1A3956D46DE8}") = "Part One", "Part One", "{6DED9FD4-7D35-4DAA-B92E-20753312647A}"
EndProject
Global
	GlobalSection(SolutionConfigurationPlatforms) = preSolution
		Debug|Any CPU = Debug|Any CPU
		Release|Any CPU = Release|Any CPU
	EndGlobalSection
	GlobalSection(ProjectConfigurationPlatforms) = postSolution
		{1A6EA648-E2AE-4522-8753-DB2EEA1FE5D7}.Debug|Any CPU.ActiveCfg = Debug|Any CPU
		{1A6EA648-E2AE-4522-8753-DB2EEA1FE5D7}.Debug|Any CPU.Build.0 = Debug|Any CPU
		{1A6EA648-E2AE-4522-8753-DB2EEA1FE5D7}.Release|Any CPU.ActiveCfg = Release|Any CPU
		{1A6EA648-E2AE-4522-8753-DB2EEA1FE5D7}.Release|Any CPU.Build.0 = Release|Any CPU
		{828E842E-FCA2-43F0-8AF3-75EC706F4643}.Debug|Any CPU.ActiveCfg = Debug|Any CPU
		{828E842E-FCA2-43F0-8AF3-75EC706F4643}.Debug|Any CPU.Build.0 = Debug|Any CPU
		{828E842E-FCA2-43F0-8AF3-75EC706F4643}.Release|Any CPU.ActiveCfg = Release|Any CPU
		{828E842E-FCA2-43F0-8AF3-75EC706F4643}.Release|Any CPU.Build.0 = Release|Any CPU
	EndGlobalSection
	GlobalSection(NestedProjects) = preSolution
		{1A6EA648-E2AE-4522-8753-DB2EEA1FE5D7} = {6DED9FD4-7D35-4DAA-B92E-20753312647A}
		{828E842E-FCA2-43F0-8AF3-75EC706F4643} = {6DED9FD4-7D35-4DAA-B92E-20753312647A}
	EndGlobalSection
EndGlobal
